
Microsoft Visual Studio Solution File, Format Version 12.00
# Visual Studio Version 17
VisualStudioVersion = 17.0.31903.59
MinimumVisualStudioVersion = 10.0.40219.1
Project("{FAE04EC0-301F-11D3-BF4B-00C04F79EFBC}") = "CoffeeMaker", "CoffeeMaker\CoffeeMaker.csproj", "{4CBB0973-F099-4904-9979-380F789447ED}"
EndProject
Global
	GlobalSection(SolutionConfigurationPlatforms) = preSolution
		Debug|Any CPU = Debug|Any CPU
		Release|Any CPU = Release|Any CPU
	EndGlobalSection
	GlobalSection(ProjectConfigurationPlatforms) = postSolution
		{4CBB0973-F099-4904-9979-380F789447ED}.Debug|Any CPU.ActiveCfg = Debug|Any CPU
		{4CBB0973-F099-4904-9979-380F789447ED}.Debug|Any CPU.Build.0 = Debug|Any CPU
		{4CBB0973-F099-4904-9979-380F789447ED}.Release|Any CPU.ActiveCfg = Release|Any CPU
		{4CBB0973-F099-4904-9979-380F789447ED}.Release|Any CPU.Build.0 = Release|Any CPU
	EndGlobalSection
	GlobalSection(SolutionProperties) = preSolution
		HideSolutionNode = FALSE
	EndGlobalSection
	GlobalSection(ExtensibilityGlobals) = postSolution
		SolutionGuid = {CEE3F99B-2EE6-4637-B711-0E3E343C987B}
	EndGlobalSection
EndGlobal
